
Microsoft Visual Studio Solution File, Format Version 12.00
# Visual Studio Version 17
VisualStudioVersion = 17.9.34728.123
MinimumVisualStudioVersion = 10.0.40219.1
Project("{FAE04EC0-301F-11D3-BF4B-00C04F79EFBC}") = "MovieAppLab", "MovieAppLab\MovieAppLab.csproj", "{A820FAD0-393F-4D49-91B0-CB4C3950C83A}"
EndProject
Global
	GlobalSection(SolutionConfigurationPlatforms) = preSolution
		Debug|Any CPU = Debug|Any CPU
		Release|Any CPU = Release|Any CPU
	EndGlobalSection
	GlobalSection(ProjectConfigurationPlatforms) = postSolution
		{A820FAD0-393F-4D49-91B0-CB4C3950C83A}.Debug|Any CPU.ActiveCfg = Debug|Any CPU
		{A820FAD0-393F-4D49-91B0-CB4C3950C83A}.Debug|Any CPU.Build.0 = Debug|Any CPU
		{A820FAD0-393F-4D49-91B0-CB4C3950C83A}.Release|Any CPU.ActiveCfg = Release|Any CPU
		{A820FAD0-393F-4D49-91B0-CB4C3950C83A}.Release|Any CPU.Build.0 = Release|Any CPU
	EndGlobalSection
	GlobalSection(SolutionProperties) = preSolution
		HideSolutionNode = FALSE
	EndGlobalSection
	GlobalSection(ExtensibilityGlobals) = postSolution
		SolutionGuid = {5E46C41E-E33F-449F-9119-2D20FDF6FE2B}
	EndGlobalSection
EndGlobal
